
Microsoft Visual Studio Solution File, Format Version 12.00
# Visual Studio 15
VisualStudioVersion = 15.0.26124.0
MinimumVisualStudioVersion = 15.0.26124.0
Project("{2150E333-8FDC-42A3-9474-1A3956D46DE8}") = "Services", "Services", "{30626A32-B538-4CBA-92E0-879581F432DC}"
EndProject
Project("{2150E333-8FDC-42A3-9474-1A3956D46DE8}") = "Identity", "Identity", "{50F0B6B7-0F52-4919-BC7F-9E7ED778B236}"
EndProject
Project("{FAE04EC0-301F-11D3-BF4B-00C04F79EFBC}") = "Identity.API", "Services\Identity\Identity.API\Identity.API.csproj", "{F6BB5532-B1BF-4459-8171-2FC9C9784FE9}"
EndProject
Project("{2150E333-8FDC-42A3-9474-1A3956D46DE8}") = "Foundation", "Foundation", "{F7751A68-C46D-4139-B221-D0ECB8C52EC8}"
EndProject
Project("{2150E333-8FDC-42A3-9474-1A3956D46DE8}") = "EventBus", "EventBus", "{9EC82975-00BD-4AA0-9D67-1278A22A8FF5}"
EndProject
Project("{FAE04EC0-301F-11D3-BF4B-00C04F79EFBC}") = "EventBus", "Foundation\EventBus\EventBus\EventBus.csproj", "{D864B9E7-1730-4C31-80F1-2128190E989D}"
EndProject
Project("{FAE04EC0-301F-11D3-BF4B-00C04F79EFBC}") = "EventBusRabbitMQ", "Foundation\EventBus\EventBusRabbitMQ\EventBusRabbitMQ.csproj", "{86029210-BEEB-4E26-8D64-C724DFAEE026}"
EndProject
Project("{2150E333-8FDC-42A3-9474-1A3956D46DE8}") = "Hotel", "Hotel", "{2AD5C7A7-26C6-46ED-9696-2388DC320AC5}"
EndProject
Project("{FAE04EC0-301F-11D3-BF4B-00C04F79EFBC}") = "Hotel.API", "Services\Hotel\Hotel.API\Hotel.API.csproj", "{C4467E05-2F3C-4033-B388-1AF22564A6D6}"
EndProject
Project("{2150E333-8FDC-42A3-9474-1A3956D46DE8}") = "Booking", "Booking", "{0CA60679-069C-407F-BE44-7D347ABDFF51}"
EndProject
Project("{FAE04EC0-301F-11D3-BF4B-00C04F79EFBC}") = "Booking.API", "Services\Booking\Booking.API\Booking.API.csproj", "{43E19ACB-449A-4385-8A17-81EBE42F33E8}"
EndProject
Project("{2150E333-8FDC-42A3-9474-1A3956D46DE8}") = "ApiGateway", "ApiGateway", "{B2712F54-7ED5-44C6-85D1-71E785332EF6}"
EndProject
Project("{FAE04EC0-301F-11D3-BF4B-00C04F79EFBC}") = "apiGateway", "ApiGateway\ApiGateway\apiGateway.csproj", "{2B298CC4-D7D8-4BD1-A027-B4DDD713D590}"
EndProject
Project("{FAE04EC0-301F-11D3-BF4B-00C04F79EFBC}") = "Hotel.UnitTests", "Services\Hotel\Hotel.UnitTests\Hotel.UnitTests.csproj", "{468C43EC-AC48-4996-8535-314716B3A412}"
EndProject
Project("{FAE04EC0-301F-11D3-BF4B-00C04F79EFBC}") = "Hotel.FunctionalTests", "Services\Hotel\Hotel.FunctionalTests\Hotel.FunctionalTests.csproj", "{B741397D-6B4B-4D61-9D93-1223B30B56CA}"
EndProject
Project("{FAE04EC0-301F-11D3-BF4B-00C04F79EFBC}") = "IntegrationEventLogEF", "Foundation\IntegrationEventLogEF\IntegrationEventLogEF.csproj", "{AF753487-7159-4F10-B7BE-2FA640033901}"
EndProject
Global
	GlobalSection(SolutionConfigurationPlatforms) = preSolution
		Debug|Any CPU = Debug|Any CPU
		Debug|x64 = Debug|x64
		Debug|x86 = Debug|x86
		Release|Any CPU = Release|Any CPU
		Release|x64 = Release|x64
		Release|x86 = Release|x86
	EndGlobalSection
	GlobalSection(SolutionProperties) = preSolution
		HideSolutionNode = FALSE
	EndGlobalSection
	GlobalSection(ProjectConfigurationPlatforms) = postSolution
		{F6BB5532-B1BF-4459-8171-2FC9C9784FE9}.Debug|Any CPU.ActiveCfg = Debug|Any CPU
		{F6BB5532-B1BF-4459-8171-2FC9C9784FE9}.Debug|Any CPU.Build.0 = Debug|Any CPU
		{F6BB5532-B1BF-4459-8171-2FC9C9784FE9}.Debug|x64.ActiveCfg = Debug|Any CPU
		{F6BB5532-B1BF-4459-8171-2FC9C9784FE9}.Debug|x64.Build.0 = Debug|Any CPU
		{F6BB5532-B1BF-4459-8171-2FC9C9784FE9}.Debug|x86.ActiveCfg = Debug|Any CPU
		{F6BB5532-B1BF-4459-8171-2FC9C9784FE9}.Debug|x86.Build.0 = Debug|Any CPU
		{F6BB5532-B1BF-4459-8171-2FC9C9784FE9}.Release|Any CPU.ActiveCfg = Release|Any CPU
		{F6BB5532-B1BF-4459-8171-2FC9C9784FE9}.Release|Any CPU.Build.0 = Release|Any CPU
		{F6BB5532-B1BF-4459-8171-2FC9C9784FE9}.Release|x64.ActiveCfg = Release|Any CPU
		{F6BB5532-B1BF-4459-8171-2FC9C9784FE9}.Release|x64.Build.0 = Release|Any CPU
		{F6BB5532-B1BF-4459-8171-2FC9C9784FE9}.Release|x86.ActiveCfg = Release|Any CPU
		{F6BB5532-B1BF-4459-8171-2FC9C9784FE9}.Release|x86.Build.0 = Release|Any CPU
		{D864B9E7-1730-4C31-80F1-2128190E989D}.Debug|Any CPU.ActiveCfg = Debug|Any CPU
		{D864B9E7-1730-4C31-80F1-2128190E989D}.Debug|Any CPU.Build.0 = Debug|Any CPU
		{D864B9E7-1730-4C31-80F1-2128190E989D}.Debug|x64.ActiveCfg = Debug|Any CPU
		{D864B9E7-1730-4C31-80F1-2128190E989D}.Debug|x64.Build.0 = Debug|Any CPU
		{D864B9E7-1730-4C31-80F1-2128190E989D}.Debug|x86.ActiveCfg = Debug|Any CPU
		{D864B9E7-1730-4C31-80F1-2128190E989D}.Debug|x86.Build.0 = Debug|Any CPU
		{D864B9E7-1730-4C31-80F1-2128190E989D}.Release|Any CPU.ActiveCfg = Release|Any CPU
		{D864B9E7-1730-4C31-80F1-2128190E989D}.Release|Any CPU.Build.0 = Release|Any CPU
		{D864B9E7-1730-4C31-80F1-2128190E989D}.Release|x64.ActiveCfg = Release|Any CPU
		{D864B9E7-1730-4C31-80F1-2128190E989D}.Release|x64.Build.0 = Release|Any CPU
		{D864B9E7-1730-4C31-80F1-2128190E989D}.Release|x86.ActiveCfg = Release|Any CPU
		{D864B9E7-1730-4C31-80F1-2128190E989D}.Release|x86.Build.0 = Release|Any CPU
		{86029210-BEEB-4E26-8D64-C724DFAEE026}.Debug|Any CPU.ActiveCfg = Debug|Any CPU
		{86029210-BEEB-4E26-8D64-C724DFAEE026}.Debug|Any CPU.Build.0 = Debug|Any CPU
		{86029210-BEEB-4E26-8D64-C724DFAEE026}.Debug|x64.ActiveCfg = Debug|Any CPU
		{86029210-BEEB-4E26-8D64-C724DFAEE026}.Debug|x64.Build.0 = Debug|Any CPU
		{86029210-BEEB-4E26-8D64-C724DFAEE026}.Debug|x86.ActiveCfg = Debug|Any CPU
		{86029210-BEEB-4E26-8D64-C724DFAEE026}.Debug|x86.Build.0 = Debug|Any CPU
		{86029210-BEEB-4E26-8D64-C724DFAEE026}.Release|Any CPU.ActiveCfg = Release|Any CPU
		{86029210-BEEB-4E26-8D64-C724DFAEE026}.Release|Any CPU.Build.0 = Release|Any CPU
		{86029210-BEEB-4E26-8D64-C724DFAEE026}.Release|x64.ActiveCfg = Release|Any CPU
		{86029210-BEEB-4E26-8D64-C724DFAEE026}.Release|x64.Build.0 = Release|Any CPU
		{86029210-BEEB-4E26-8D64-C724DFAEE026}.Release|x86.ActiveCfg = Release|Any CPU
		{86029210-BEEB-4E26-8D64-C724DFAEE026}.Release|x86.Build.0 = Release|Any CPU
		{C4467E05-2F3C-4033-B388-1AF22564A6D6}.Debug|Any CPU.ActiveCfg = Debug|Any CPU
		{C4467E05-2F3C-4033-B388-1AF22564A6D6}.Debug|Any CPU.Build.0 = Debug|Any CPU
		{C4467E05-2F3C-4033-B388-1AF22564A6D6}.Debug|x64.ActiveCfg = Debug|Any CPU
		{C4467E05-2F3C-4033-B388-1AF22564A6D6}.Debug|x64.Build.0 = Debug|Any CPU
		{C4467E05-2F3C-4033-B388-1AF22564A6D6}.Debug|x86.ActiveCfg = Debug|Any CPU
		{C4467E05-2F3C-4033-B388-1AF22564A6D6}.Debug|x86.Build.0 = Debug|Any CPU
		{C4467E05-2F3C-4033-B388-1AF22564A6D6}.Release|Any CPU.ActiveCfg = Release|Any CPU
		{C4467E05-2F3C-4033-B388-1AF22564A6D6}.Release|Any CPU.Build.0 = Release|Any CPU
		{C4467E05-2F3C-4033-B388-1AF22564A6D6}.Release|x64.ActiveCfg = Release|Any CPU
		{C4467E05-2F3C-4033-B388-1AF22564A6D6}.Release|x64.Build.0 = Release|Any CPU
		{C4467E05-2F3C-4033-B388-1AF22564A6D6}.Release|x86.ActiveCfg = Release|Any CPU
		{C4467E05-2F3C-4033-B388-1AF22564A6D6}.Release|x86.Build.0 = Release|Any CPU
		{43E19ACB-449A-4385-8A17-81EBE42F33E8}.Debug|Any CPU.ActiveCfg = Debug|Any CPU
		{43E19ACB-449A-4385-8A17-81EBE42F33E8}.Debug|Any CPU.Build.0 = Debug|Any CPU
		{43E19ACB-449A-4385-8A17-81EBE42F33E8}.Debug|x64.ActiveCfg = Debug|Any CPU
		{43E19ACB-449A-4385-8A17-81EBE42F33E8}.Debug|x64.Build.0 = Debug|Any CPU
		{43E19ACB-449A-4385-8A17-81EBE42F33E8}.Debug|x86.ActiveCfg = Debug|Any CPU
		{43E19ACB-449A-4385-8A17-81EBE42F33E8}.Debug|x86.Build.0 = Debug|Any CPU
		{43E19ACB-449A-4385-8A17-81EBE42F33E8}.Release|Any CPU.ActiveCfg = Release|Any CPU
		{43E19ACB-449A-4385-8A17-81EBE42F33E8}.Release|Any CPU.Build.0 = Release|Any CPU
		{43E19ACB-449A-4385-8A17-81EBE42F33E8}.Release|x64.ActiveCfg = Release|Any CPU
		{43E19ACB-449A-4385-8A17-81EBE42F33E8}.Release|x64.Build.0 = Release|Any CPU
		{43E19ACB-449A-4385-8A17-81EBE42F33E8}.Release|x86.ActiveCfg = Release|Any CPU
		{43E19ACB-449A-4385-8A17-81EBE42F33E8}.Release|x86.Build.0 = Release|Any CPU
		{2B298CC4-D7D8-4BD1-A027-B4DDD713D590}.Debug|Any CPU.ActiveCfg = Debug|Any CPU
		{2B298CC4-D7D8-4BD1-A027-B4DDD713D590}.Debug|Any CPU.Build.0 = Debug|Any CPU
		{2B298CC4-D7D8-4BD1-A027-B4DDD713D590}.Debug|x64.ActiveCfg = Debug|Any CPU
		{2B298CC4-D7D8-4BD1-A027-B4DDD713D590}.Debug|x64.Build.0 = Debug|Any CPU
		{2B298CC4-D7D8-4BD1-A027-B4DDD713D590}.Debug|x86.ActiveCfg = Debug|Any CPU
		{2B298CC4-D7D8-4BD1-A027-B4DDD713D590}.Debug|x86.Build.0 = Debug|Any CPU
		{2B298CC4-D7D8-4BD1-A027-B4DDD713D590}.Release|Any CPU.ActiveCfg = Release|Any CPU
		{2B298CC4-D7D8-4BD1-A027-B4DDD713D590}.Release|Any CPU.Build.0 = Release|Any CPU
		{2B298CC4-D7D8-4BD1-A027-B4DDD713D590}.Release|x64.ActiveCfg = Release|Any CPU
		{2B298CC4-D7D8-4BD1-A027-B4DDD713D590}.Release|x64.Build.0 = Release|Any CPU
		{2B298CC4-D7D8-4BD1-A027-B4DDD713D590}.Release|x86.ActiveCfg = Release|Any CPU
		{2B298CC4-D7D8-4BD1-A027-B4DDD713D590}.Release|x86.Build.0 = Release|Any CPU
		{468C43EC-AC48-4996-8535-314716B3A412}.Debug|Any CPU.ActiveCfg = Debug|Any CPU
		{468C43EC-AC48-4996-8535-314716B3A412}.Debug|Any CPU.Build.0 = Debug|Any CPU
		{468C43EC-AC48-4996-8535-314716B3A412}.Debug|x64.ActiveCfg = Debug|Any CPU
		{468C43EC-AC48-4996-8535-314716B3A412}.Debug|x64.Build.0 = Debug|Any CPU
		{468C43EC-AC48-4996-8535-314716B3A412}.Debug|x86.ActiveCfg = Debug|Any CPU
		{468C43EC-AC48-4996-8535-314716B3A412}.Debug|x86.Build.0 = Debug|Any CPU
		{468C43EC-AC48-4996-8535-314716B3A412}.Release|Any CPU.ActiveCfg = Release|Any CPU
		{468C43EC-AC48-4996-8535-314716B3A412}.Release|Any CPU.Build.0 = Release|Any CPU
		{468C43EC-AC48-4996-8535-314716B3A412}.Release|x64.ActiveCfg = Release|Any CPU
		{468C43EC-AC48-4996-8535-314716B3A412}.Release|x64.Build.0 = Release|Any CPU
		{468C43EC-AC48-4996-8535-314716B3A412}.Release|x86.ActiveCfg = Release|Any CPU
		{468C43EC-AC48-4996-8535-314716B3A412}.Release|x86.Build.0 = Release|Any CPU
		{B741397D-6B4B-4D61-9D93-1223B30B56CA}.Debug|Any CPU.ActiveCfg = Debug|Any CPU
		{B741397D-6B4B-4D61-9D93-1223B30B56CA}.Debug|Any CPU.Build.0 = Debug|Any CPU
		{B741397D-6B4B-4D61-9D93-1223B30B56CA}.Debug|x64.ActiveCfg = Debug|Any CPU
		{B741397D-6B4B-4D61-9D93-1223B30B56CA}.Debug|x64.Build.0 = Debug|Any CPU
		{B741397D-6B4B-4D61-9D93-1223B30B56CA}.Debug|x86.ActiveCfg = Debug|Any CPU
		{B741397D-6B4B-4D61-9D93-1223B30B56CA}.Debug|x86.Build.0 = Debug|Any CPU
		{B741397D-6B4B-4D61-9D93-1223B30B56CA}.Release|Any CPU.ActiveCfg = Release|Any CPU
		{B741397D-6B4B-4D61-9D93-1223B30B56CA}.Release|Any CPU.Build.0 = Release|Any CPU
		{B741397D-6B4B-4D61-9D93-1223B30B56CA}.Release|x64.ActiveCfg = Release|Any CPU
		{B741397D-6B4B-4D61-9D93-1223B30B56CA}.Release|x64.Build.0 = Release|Any CPU
		{B741397D-6B4B-4D61-9D93-1223B30B56CA}.Release|x86.ActiveCfg = Release|Any CPU
		{B741397D-6B4B-4D61-9D93-1223B30B56CA}.Release|x86.Build.0 = Release|Any CPU
		{AF753487-7159-4F10-B7BE-2FA640033901}.Debug|Any CPU.ActiveCfg = Debug|Any CPU
		{AF753487-7159-4F10-B7BE-2FA640033901}.Debug|Any CPU.Build.0 = Debug|Any CPU
		{AF753487-7159-4F10-B7BE-2FA640033901}.Debug|x64.ActiveCfg = Debug|Any CPU
		{AF753487-7159-4F10-B7BE-2FA640033901}.Debug|x64.Build.0 = Debug|Any CPU
		{AF753487-7159-4F10-B7BE-2FA640033901}.Debug|x86.ActiveCfg = Debug|Any CPU
		{AF753487-7159-4F10-B7BE-2FA640033901}.Debug|x86.Build.0 = Debug|Any CPU
		{AF753487-7159-4F10-B7BE-2FA640033901}.Release|Any CPU.ActiveCfg = Release|Any CPU
		{AF753487-7159-4F10-B7BE-2FA640033901}.Release|Any CPU.Build.0 = Release|Any CPU
		{AF753487-7159-4F10-B7BE-2FA640033901}.Release|x64.ActiveCfg = Release|Any CPU
		{AF753487-7159-4F10-B7BE-2FA640033901}.Release|x64.Build.0 = Release|Any CPU
		{AF753487-7159-4F10-B7BE-2FA640033901}.Release|x86.ActiveCfg = Release|Any CPU
		{AF753487-7159-4F10-B7BE-2FA640033901}.Release|x86.Build.0 = Release|Any CPU
	EndGlobalSection
	GlobalSection(NestedProjects) = preSolution
		{50F0B6B7-0F52-4919-BC7F-9E7ED778B236} = {30626A32-B538-4CBA-92E0-879581F432DC}
		{F6BB5532-B1BF-4459-8171-2FC9C9784FE9} = {50F0B6B7-0F52-4919-BC7F-9E7ED778B236}
		{9EC82975-00BD-4AA0-9D67-1278A22A8FF5} = {F7751A68-C46D-4139-B221-D0ECB8C52EC8}
		{D864B9E7-1730-4C31-80F1-2128190E989D} = {9EC82975-00BD-4AA0-9D67-1278A22A8FF5}
		{86029210-BEEB-4E26-8D64-C724DFAEE026} = {9EC82975-00BD-4AA0-9D67-1278A22A8FF5}
		{2AD5C7A7-26C6-46ED-9696-2388DC320AC5} = {30626A32-B538-4CBA-92E0-879581F432DC}
		{C4467E05-2F3C-4033-B388-1AF22564A6D6} = {2AD5C7A7-26C6-46ED-9696-2388DC320AC5}
		{0CA60679-069C-407F-BE44-7D347ABDFF51} = {30626A32-B538-4CBA-92E0-879581F432DC}
		{43E19ACB-449A-4385-8A17-81EBE42F33E8} = {0CA60679-069C-407F-BE44-7D347ABDFF51}
		{2B298CC4-D7D8-4BD1-A027-B4DDD713D590} = {B2712F54-7ED5-44C6-85D1-71E785332EF6}
		{468C43EC-AC48-4996-8535-314716B3A412} = {2AD5C7A7-26C6-46ED-9696-2388DC320AC5}
		{B741397D-6B4B-4D61-9D93-1223B30B56CA} = {2AD5C7A7-26C6-46ED-9696-2388DC320AC5}
		{AF753487-7159-4F10-B7BE-2FA640033901} = {F7751A68-C46D-4139-B221-D0ECB8C52EC8}
	EndGlobalSection
EndGlobal
