
Microsoft Visual Studio Solution File, Format Version 12.00
# Visual Studio 15
VisualStudioVersion = 15.0.26124.0
MinimumVisualStudioVersion = 15.0.26124.0
Project("{2150E333-8FDC-42A3-9474-1A3956D46DE8}") = "Services", "Services", "{30626A32-B538-4CBA-92E0-879581F432DC}"
EndProject
Project("{2150E333-8FDC-42A3-9474-1A3956D46DE8}") = "Identity", "Identity", "{50F0B6B7-0F52-4919-BC7F-9E7ED778B236}"
EndProject
Project("{FAE04EC0-301F-11D3-BF4B-00C04F79EFBC}") = "Identity.API", "Services\Identity\Identity.API\Identity.API.csproj", "{F6BB5532-B1BF-4459-8171-2FC9C9784FE9}"
EndProject
Project("{2150E333-8FDC-42A3-9474-1A3956D46DE8}") = "Foundation", "Foundation", "{F7751A68-C46D-4139-B221-D0ECB8C52EC8}"
EndProject
Project("{2150E333-8FDC-42A3-9474-1A3956D46DE8}") = "EventBus", "EventBus", "{9EC82975-00BD-4AA0-9D67-1278A22A8FF5}"
EndProject
Project("{FAE04EC0-301F-11D3-BF4B-00C04F79EFBC}") = "EventBus", "Foundation\EventBus\EventBus\EventBus.csproj", "{D864B9E7-1730-4C31-80F1-2128190E989D}"
EndProject
Project("{FAE04EC0-301F-11D3-BF4B-00C04F79EFBC}") = "EventBusRabbitMQ", "Foundation\EventBus\EventBusRabbitMQ\EventBusRabbitMQ.csproj", "{86029210-BEEB-4E26-8D64-C724DFAEE026}"
EndProject
Global
	GlobalSection(SolutionConfigurationPlatforms) = preSolution
		Debug|Any CPU = Debug|Any CPU
		Debug|x64 = Debug|x64
		Debug|x86 = Debug|x86
		Release|Any CPU = Release|Any CPU
		Release|x64 = Release|x64
		Release|x86 = Release|x86
	EndGlobalSection
	GlobalSection(SolutionProperties) = preSolution
		HideSolutionNode = FALSE
	EndGlobalSection
	GlobalSection(ProjectConfigurationPlatforms) = postSolution
		{F6BB5532-B1BF-4459-8171-2FC9C9784FE9}.Debug|Any CPU.ActiveCfg = Debug|Any CPU
		{F6BB5532-B1BF-4459-8171-2FC9C9784FE9}.Debug|Any CPU.Build.0 = Debug|Any CPU
		{F6BB5532-B1BF-4459-8171-2FC9C9784FE9}.Debug|x64.ActiveCfg = Debug|Any CPU
		{F6BB5532-B1BF-4459-8171-2FC9C9784FE9}.Debug|x64.Build.0 = Debug|Any CPU
		{F6BB5532-B1BF-4459-8171-2FC9C9784FE9}.Debug|x86.ActiveCfg = Debug|Any CPU
		{F6BB5532-B1BF-4459-8171-2FC9C9784FE9}.Debug|x86.Build.0 = Debug|Any CPU
		{F6BB5532-B1BF-4459-8171-2FC9C9784FE9}.Release|Any CPU.ActiveCfg = Release|Any CPU
		{F6BB5532-B1BF-4459-8171-2FC9C9784FE9}.Release|Any CPU.Build.0 = Release|Any CPU
		{F6BB5532-B1BF-4459-8171-2FC9C9784FE9}.Release|x64.ActiveCfg = Release|Any CPU
		{F6BB5532-B1BF-4459-8171-2FC9C9784FE9}.Release|x64.Build.0 = Release|Any CPU
		{F6BB5532-B1BF-4459-8171-2FC9C9784FE9}.Release|x86.ActiveCfg = Release|Any CPU
		{F6BB5532-B1BF-4459-8171-2FC9C9784FE9}.Release|x86.Build.0 = Release|Any CPU
		{D864B9E7-1730-4C31-80F1-2128190E989D}.Debug|Any CPU.ActiveCfg = Debug|Any CPU
		{D864B9E7-1730-4C31-80F1-2128190E989D}.Debug|Any CPU.Build.0 = Debug|Any CPU
		{D864B9E7-1730-4C31-80F1-2128190E989D}.Debug|x64.ActiveCfg = Debug|Any CPU
		{D864B9E7-1730-4C31-80F1-2128190E989D}.Debug|x64.Build.0 = Debug|Any CPU
		{D864B9E7-1730-4C31-80F1-2128190E989D}.Debug|x86.ActiveCfg = Debug|Any CPU
		{D864B9E7-1730-4C31-80F1-2128190E989D}.Debug|x86.Build.0 = Debug|Any CPU
		{D864B9E7-1730-4C31-80F1-2128190E989D}.Release|Any CPU.ActiveCfg = Release|Any CPU
		{D864B9E7-1730-4C31-80F1-2128190E989D}.Release|Any CPU.Build.0 = Release|Any CPU
		{D864B9E7-1730-4C31-80F1-2128190E989D}.Release|x64.ActiveCfg = Release|Any CPU
		{D864B9E7-1730-4C31-80F1-2128190E989D}.Release|x64.Build.0 = Release|Any CPU
		{D864B9E7-1730-4C31-80F1-2128190E989D}.Release|x86.ActiveCfg = Release|Any CPU
		{D864B9E7-1730-4C31-80F1-2128190E989D}.Release|x86.Build.0 = Release|Any CPU
		{86029210-BEEB-4E26-8D64-C724DFAEE026}.Debug|Any CPU.ActiveCfg = Debug|Any CPU
		{86029210-BEEB-4E26-8D64-C724DFAEE026}.Debug|Any CPU.Build.0 = Debug|Any CPU
		{86029210-BEEB-4E26-8D64-C724DFAEE026}.Debug|x64.ActiveCfg = Debug|Any CPU
		{86029210-BEEB-4E26-8D64-C724DFAEE026}.Debug|x64.Build.0 = Debug|Any CPU
		{86029210-BEEB-4E26-8D64-C724DFAEE026}.Debug|x86.ActiveCfg = Debug|Any CPU
		{86029210-BEEB-4E26-8D64-C724DFAEE026}.Debug|x86.Build.0 = Debug|Any CPU
		{86029210-BEEB-4E26-8D64-C724DFAEE026}.Release|Any CPU.ActiveCfg = Release|Any CPU
		{86029210-BEEB-4E26-8D64-C724DFAEE026}.Release|Any CPU.Build.0 = Release|Any CPU
		{86029210-BEEB-4E26-8D64-C724DFAEE026}.Release|x64.ActiveCfg = Release|Any CPU
		{86029210-BEEB-4E26-8D64-C724DFAEE026}.Release|x64.Build.0 = Release|Any CPU
		{86029210-BEEB-4E26-8D64-C724DFAEE026}.Release|x86.ActiveCfg = Release|Any CPU
		{86029210-BEEB-4E26-8D64-C724DFAEE026}.Release|x86.Build.0 = Release|Any CPU
	EndGlobalSection
	GlobalSection(NestedProjects) = preSolution
		{50F0B6B7-0F52-4919-BC7F-9E7ED778B236} = {30626A32-B538-4CBA-92E0-879581F432DC}
		{F6BB5532-B1BF-4459-8171-2FC9C9784FE9} = {50F0B6B7-0F52-4919-BC7F-9E7ED778B236}
		{9EC82975-00BD-4AA0-9D67-1278A22A8FF5} = {F7751A68-C46D-4139-B221-D0ECB8C52EC8}
		{D864B9E7-1730-4C31-80F1-2128190E989D} = {9EC82975-00BD-4AA0-9D67-1278A22A8FF5}
		{86029210-BEEB-4E26-8D64-C724DFAEE026} = {9EC82975-00BD-4AA0-9D67-1278A22A8FF5}
	EndGlobalSection
EndGlobal
